
Microsoft Visual Studio Solution File, Format Version 12.00
# Visual Studio Version 17
VisualStudioVersion = 17.3.32901.215
MinimumVisualStudioVersion = 10.0.40219.1
Project("{FAE04EC0-301F-11D3-BF4B-00C04F79EFBC}") = "PROYECTOBD1", "PROYECTOBD1.csproj", "{2E04B040-7E4B-4AAE-860D-51572324B9FF}"
EndProject
Global
	GlobalSection(SolutionConfigurationPlatforms) = preSolution
		Debug|Any CPU = Debug|Any CPU
		Release|Any CPU = Release|Any CPU
	EndGlobalSection
	GlobalSection(ProjectConfigurationPlatforms) = postSolution
		{2E04B040-7E4B-4AAE-860D-51572324B9FF}.Debug|Any CPU.ActiveCfg = Debug|Any CPU
		{2E04B040-7E4B-4AAE-860D-51572324B9FF}.Debug|Any CPU.Build.0 = Debug|Any CPU
		{2E04B040-7E4B-4AAE-860D-51572324B9FF}.Release|Any CPU.ActiveCfg = Release|Any CPU
		{2E04B040-7E4B-4AAE-860D-51572324B9FF}.Release|Any CPU.Build.0 = Release|Any CPU
	EndGlobalSection
	GlobalSection(SolutionProperties) = preSolution
		HideSolutionNode = FALSE
	EndGlobalSection
	GlobalSection(ExtensibilityGlobals) = postSolution
		SolutionGuid = {524B39B1-7BD6-4E18-A442-16A396FA0877}
	EndGlobalSection
EndGlobal
